// !$*UTF8*$!
{
	archiveVersion = 1;
	classes = {
	};
	objectVersion = 55;
	objects = {

/* Begin PBXBuildFile section */
		87BAF2F82791E8940031E3F9 /* UIColor+Extension.swift in Sources */ = {isa = PBXBuildFile; fileRef = 87BAF2F72791E8940031E3F9 /* UIColor+Extension.swift */; };
		87BAF2FB2791E9000031E3F9 /* GoogleService-Info.plist in Resources */ = {isa = PBXBuildFile; fileRef = 87BAF2FA2791E9000031E3F9 /* GoogleService-Info.plist */; };
		87BAF2FD2791E96C0031E3F9 /* UIView+Extension.swift in Sources */ = {isa = PBXBuildFile; fileRef = 87BAF2FC2791E96C0031E3F9 /* UIView+Extension.swift */; };
		87E514902788F78600D615D7 /* AppDelegate.swift in Sources */ = {isa = PBXBuildFile; fileRef = 87E5148F2788F78600D615D7 /* AppDelegate.swift */; };
		87E514922788F78600D615D7 /* SceneDelegate.swift in Sources */ = {isa = PBXBuildFile; fileRef = 87E514912788F78600D615D7 /* SceneDelegate.swift */; };
		87E514942788F78600D615D7 /* HomeViewController.swift in Sources */ = {isa = PBXBuildFile; fileRef = 87E514932788F78600D615D7 /* HomeViewController.swift */; };
		87E514992788F78A00D615D7 /* Assets.xcassets in Resources */ = {isa = PBXBuildFile; fileRef = 87E514982788F78A00D615D7 /* Assets.xcassets */; };
		87E5149C2788F78A00D615D7 /* LaunchScreen.storyboard in Resources */ = {isa = PBXBuildFile; fileRef = 87E5149A2788F78A00D615D7 /* LaunchScreen.storyboard */; };
		87E514A72788F78B00D615D7 /* HP___ThesisTests.swift in Sources */ = {isa = PBXBuildFile; fileRef = 87E514A62788F78B00D615D7 /* HP___ThesisTests.swift */; };
		87E514B12788F78B00D615D7 /* HP___ThesisUITests.swift in Sources */ = {isa = PBXBuildFile; fileRef = 87E514B02788F78B00D615D7 /* HP___ThesisUITests.swift */; };
		87E514B32788F78B00D615D7 /* HP___ThesisUITestsLaunchTests.swift in Sources */ = {isa = PBXBuildFile; fileRef = 87E514B22788F78B00D615D7 /* HP___ThesisUITestsLaunchTests.swift */; };
/* End PBXBuildFile section */

/* Begin PBXContainerItemProxy section */
		87E514A32788F78B00D615D7 /* PBXContainerItemProxy */ = {
			isa = PBXContainerItemProxy;
			containerPortal = 87E514842788F78500D615D7 /* Project object */;
			proxyType = 1;
			remoteGlobalIDString = 87E5148B2788F78600D615D7;
			remoteInfo = "HP - Thesis";
		};
		87E514AD2788F78B00D615D7 /* PBXContainerItemProxy */ = {
			isa = PBXContainerItemProxy;
			containerPortal = 87E514842788F78500D615D7 /* Project object */;
			proxyType = 1;
			remoteGlobalIDString = 87E5148B2788F78600D615D7;
			remoteInfo = "HP - Thesis";
		};
/* End PBXContainerItemProxy section */

/* Begin PBXFileReference section */
		87BAF2F72791E8940031E3F9 /* UIColor+Extension.swift */ = {isa = PBXFileReference; lastKnownFileType = sourcecode.swift; path = "UIColor+Extension.swift"; sourceTree = "<group>"; };
		87BAF2FA2791E9000031E3F9 /* GoogleService-Info.plist */ = {isa = PBXFileReference; fileEncoding = 4; lastKnownFileType = text.plist.xml; path = "GoogleService-Info.plist"; sourceTree = "<group>"; };
		87BAF2FC2791E96C0031E3F9 /* UIView+Extension.swift */ = {isa = PBXFileReference; lastKnownFileType = sourcecode.swift; path = "UIView+Extension.swift"; sourceTree = "<group>"; };
		87E5148C2788F78600D615D7 /* HP - Thesis.app */ = {isa = PBXFileReference; explicitFileType = wrapper.application; includeInIndex = 0; path = "HP - Thesis.app"; sourceTree = BUILT_PRODUCTS_DIR; };
		87E5148F2788F78600D615D7 /* AppDelegate.swift */ = {isa = PBXFileReference; lastKnownFileType = sourcecode.swift; path = AppDelegate.swift; sourceTree = "<group>"; };
		87E514912788F78600D615D7 /* SceneDelegate.swift */ = {isa = PBXFileReference; lastKnownFileType = sourcecode.swift; path = SceneDelegate.swift; sourceTree = "<group>"; };
		87E514932788F78600D615D7 /* HomeViewController.swift */ = {isa = PBXFileReference; lastKnownFileType = sourcecode.swift; path = HomeViewController.swift; sourceTree = "<group>"; };
		87E514982788F78A00D615D7 /* Assets.xcassets */ = {isa = PBXFileReference; lastKnownFileType = folder.assetcatalog; path = Assets.xcassets; sourceTree = "<group>"; };
		87E5149B2788F78A00D615D7 /* Base */ = {isa = PBXFileReference; lastKnownFileType = file.storyboard; name = Base; path = Base.lproj/LaunchScreen.storyboard; sourceTree = "<group>"; };
		87E5149D2788F78A00D615D7 /* Info.plist */ = {isa = PBXFileReference; lastKnownFileType = text.plist.xml; path = Info.plist; sourceTree = "<group>"; };
		87E514A22788F78B00D615D7 /* HP - ThesisTests.xctest */ = {isa = PBXFileReference; explicitFileType = wrapper.cfbundle; includeInIndex = 0; path = "HP - ThesisTests.xctest"; sourceTree = BUILT_PRODUCTS_DIR; };
		87E514A62788F78B00D615D7 /* HP___ThesisTests.swift */ = {isa = PBXFileReference; lastKnownFileType = sourcecode.swift; path = "HP___ThesisTests.swift"; sourceTree = "<group>"; };
		87E514AC2788F78B00D615D7 /* HP - ThesisUITests.xctest */ = {isa = PBXFileReference; explicitFileType = wrapper.cfbundle; includeInIndex = 0; path = "HP - ThesisUITests.xctest"; sourceTree = BUILT_PRODUCTS_DIR; };
		87E514B02788F78B00D615D7 /* HP___ThesisUITests.swift */ = {isa = PBXFileReference; lastKnownFileType = sourcecode.swift; path = "HP___ThesisUITests.swift"; sourceTree = "<group>"; };
		87E514B22788F78B00D615D7 /* HP___ThesisUITestsLaunchTests.swift */ = {isa = PBXFileReference; lastKnownFileType = sourcecode.swift; path = "HP___ThesisUITestsLaunchTests.swift"; sourceTree = "<group>"; };
/* End PBXFileReference section */

/* Begin PBXFrameworksBuildPhase section */
		87E514892788F78600D615D7 /* Frameworks */ = {
			isa = PBXFrameworksBuildPhase;
			buildActionMask = 2147483647;
			files = (
			);
			runOnlyForDeploymentPostprocessing = 0;
		};
		87E5149F2788F78B00D615D7 /* Frameworks */ = {
			isa = PBXFrameworksBuildPhase;
			buildActionMask = 2147483647;
			files = (
			);
			runOnlyForDeploymentPostprocessing = 0;
		};
		87E514A92788F78B00D615D7 /* Frameworks */ = {
			isa = PBXFrameworksBuildPhase;
			buildActionMask = 2147483647;
			files = (
			);
			runOnlyForDeploymentPostprocessing = 0;
		};
/* End PBXFrameworksBuildPhase section */

/* Begin PBXGroup section */
		87BAF2F62791E87E0031E3F9 /* Extensions */ = {
			isa = PBXGroup;
			children = (
				87BAF2F72791E8940031E3F9 /* UIColor+Extension.swift */,
				87BAF2FC2791E96C0031E3F9 /* UIView+Extension.swift */,
			);
			path = Extensions;
			sourceTree = "<group>";
		};
		87BAF2F92791E8E50031E3F9 /* HomeViewController */ = {
			isa = PBXGroup;
			children = (
				87E514932788F78600D615D7 /* HomeViewController.swift */,
			);
			path = HomeViewController;
			sourceTree = "<group>";
		};
		87E514832788F78500D615D7 = {
			isa = PBXGroup;
			children = (
				87E5148E2788F78600D615D7 /* HP - Thesis */,
				87E514A52788F78B00D615D7 /* HP - ThesisTests */,
				87E514AF2788F78B00D615D7 /* HP - ThesisUITests */,
				87E5148D2788F78600D615D7 /* Products */,
			);
			sourceTree = "<group>";
		};
		87E5148D2788F78600D615D7 /* Products */ = {
			isa = PBXGroup;
			children = (
				87E5148C2788F78600D615D7 /* HP - Thesis.app */,
				87E514A22788F78B00D615D7 /* HP - ThesisTests.xctest */,
				87E514AC2788F78B00D615D7 /* HP - ThesisUITests.xctest */,
			);
			name = Products;
			sourceTree = "<group>";
		};
		87E5148E2788F78600D615D7 /* HP - Thesis */ = {
			isa = PBXGroup;
			children = (
				87BAF2F92791E8E50031E3F9 /* HomeViewController */,
				87BAF2F62791E87E0031E3F9 /* Extensions */,
				87E514BF2788F98D00D615D7 /* SupportingFiles */,
				87E514982788F78A00D615D7 /* Assets.xcassets */,
			);
			path = "HP - Thesis";
			sourceTree = "<group>";
		};
		87E514A52788F78B00D615D7 /* HP - ThesisTests */ = {
			isa = PBXGroup;
			children = (
				87E514A62788F78B00D615D7 /* HP___ThesisTests.swift */,
			);
			path = "HP - ThesisTests";
			sourceTree = "<group>";
		};
		87E514AF2788F78B00D615D7 /* HP - ThesisUITests */ = {
			isa = PBXGroup;
			children = (
				87E514B02788F78B00D615D7 /* HP___ThesisUITests.swift */,
				87E514B22788F78B00D615D7 /* HP___ThesisUITestsLaunchTests.swift */,
			);
			path = "HP - ThesisUITests";
			sourceTree = "<group>";
		};
		87E514BF2788F98D00D615D7 /* SupportingFiles */ = {
			isa = PBXGroup;
			children = (
				87E5148F2788F78600D615D7 /* AppDelegate.swift */,
				87E514912788F78600D615D7 /* SceneDelegate.swift */,
				87E5149A2788F78A00D615D7 /* LaunchScreen.storyboard */,
				87E5149D2788F78A00D615D7 /* Info.plist */,
				87BAF2FA2791E9000031E3F9 /* GoogleService-Info.plist */,
			);
			path = SupportingFiles;
			sourceTree = "<group>";
		};
/* End PBXGroup section */

/* Begin PBXNativeTarget section */
		87E5148B2788F78600D615D7 /* HP - Thesis */ = {
			isa = PBXNativeTarget;
			buildConfigurationList = 87E514B62788F78B00D615D7 /* Build configuration list for PBXNativeTarget "HP - Thesis" */;
			buildPhases = (
				87E514882788F78600D615D7 /* Sources */,
				87E514892788F78600D615D7 /* Frameworks */,
				87E5148A2788F78600D615D7 /* Resources */,
			);
			buildRules = (
			);
			dependencies = (
			);
			name = "HP - Thesis";
			productName = "HP - Thesis";
			productReference = 87E5148C2788F78600D615D7 /* HP - Thesis.app */;
			productType = "com.apple.product-type.application";
		};
		87E514A12788F78B00D615D7 /* HP - ThesisTests */ = {
			isa = PBXNativeTarget;
			buildConfigurationList = 87E514B92788F78B00D615D7 /* Build configuration list for PBXNativeTarget "HP - ThesisTests" */;
			buildPhases = (
				87E5149E2788F78B00D615D7 /* Sources */,
				87E5149F2788F78B00D615D7 /* Frameworks */,
				87E514A02788F78B00D615D7 /* Resources */,
			);
			buildRules = (
			);
			dependencies = (
				87E514A42788F78B00D615D7 /* PBXTargetDependency */,
			);
			name = "HP - ThesisTests";
			productName = "HP - ThesisTests";
			productReference = 87E514A22788F78B00D615D7 /* HP - ThesisTests.xctest */;
			productType = "com.apple.product-type.bundle.unit-test";
		};
		87E514AB2788F78B00D615D7 /* HP - ThesisUITests */ = {
			isa = PBXNativeTarget;
			buildConfigurationList = 87E514BC2788F78B00D615D7 /* Build configuration list for PBXNativeTarget "HP - ThesisUITests" */;
			buildPhases = (
				87E514A82788F78B00D615D7 /* Sources */,
				87E514A92788F78B00D615D7 /* Frameworks */,
				87E514AA2788F78B00D615D7 /* Resources */,
			);
			buildRules = (
			);
			dependencies = (
				87E514AE2788F78B00D615D7 /* PBXTargetDependency */,
			);
			name = "HP - ThesisUITests";
			productName = "HP - ThesisUITests";
			productReference = 87E514AC2788F78B00D615D7 /* HP - ThesisUITests.xctest */;
			productType = "com.apple.product-type.bundle.ui-testing";
		};
/* End PBXNativeTarget section */

/* Begin PBXProject section */
		87E514842788F78500D615D7 /* Project object */ = {
			isa = PBXProject;
			attributes = {
				BuildIndependentTargetsInParallel = 1;
				LastSwiftUpdateCheck = 1310;
				LastUpgradeCheck = 1310;
				TargetAttributes = {
					87E5148B2788F78600D615D7 = {
						CreatedOnToolsVersion = 13.1;
					};
					87E514A12788F78B00D615D7 = {
						CreatedOnToolsVersion = 13.1;
						TestTargetID = 87E5148B2788F78600D615D7;
					};
					87E514AB2788F78B00D615D7 = {
						CreatedOnToolsVersion = 13.1;
						TestTargetID = 87E5148B2788F78600D615D7;
					};
				};
			};
			buildConfigurationList = 87E514872788F78500D615D7 /* Build configuration list for PBXProject "HP - Thesis" */;
			compatibilityVersion = "Xcode 13.0";
			developmentRegion = en;
			hasScannedForEncodings = 0;
			knownRegions = (
				en,
				Base,
			);
			mainGroup = 87E514832788F78500D615D7;
			productRefGroup = 87E5148D2788F78600D615D7 /* Products */;
			projectDirPath = "";
			projectRoot = "";
			targets = (
				87E5148B2788F78600D615D7 /* HP - Thesis */,
				87E514A12788F78B00D615D7 /* HP - ThesisTests */,
				87E514AB2788F78B00D615D7 /* HP - ThesisUITests */,
			);
		};
/* End PBXProject section */

/* Begin PBXResourcesBuildPhase section */
		87E5148A2788F78600D615D7 /* Resources */ = {
			isa = PBXResourcesBuildPhase;
			buildActionMask = 2147483647;
			files = (
				87E5149C2788F78A00D615D7 /* LaunchScreen.storyboard in Resources */,
				87E514992788F78A00D615D7 /* Assets.xcassets in Resources */,
				87BAF2FB2791E9000031E3F9 /* GoogleService-Info.plist in Resources */,
			);
			runOnlyForDeploymentPostprocessing = 0;
		};
		87E514A02788F78B00D615D7 /* Resources */ = {
			isa = PBXResourcesBuildPhase;
			buildActionMask = 2147483647;
			files = (
			);
			runOnlyForDeploymentPostprocessing = 0;
		};
		87E514AA2788F78B00D615D7 /* Resources */ = {
			isa = PBXResourcesBuildPhase;
			buildActionMask = 2147483647;
			files = (
			);
			runOnlyForDeploymentPostprocessing = 0;
		};
/* End PBXResourcesBuildPhase section */

/* Begin PBXSourcesBuildPhase section */
		87E514882788F78600D615D7 /* Sources */ = {
			isa = PBXSourcesBuildPhase;
			buildActionMask = 2147483647;
			files = (
				87E514942788F78600D615D7 /* HomeViewController.swift in Sources */,
				87E514902788F78600D615D7 /* AppDelegate.swift in Sources */,
				87E514922788F78600D615D7 /* SceneDelegate.swift in Sources */,
				87BAF2FD2791E96C0031E3F9 /* UIView+Extension.swift in Sources */,
				87BAF2F82791E8940031E3F9 /* UIColor+Extension.swift in Sources */,
			);
			runOnlyForDeploymentPostprocessing = 0;
		};
		87E5149E2788F78B00D615D7 /* Sources */ = {
			isa = PBXSourcesBuildPhase;
			buildActionMask = 2147483647;
			files = (
				87E514A72788F78B00D615D7 /* HP___ThesisTests.swift in Sources */,
			);
			runOnlyForDeploymentPostprocessing = 0;
		};
		87E514A82788F78B00D615D7 /* Sources */ = {
			isa = PBXSourcesBuildPhase;
			buildActionMask = 2147483647;
			files = (
				87E514B32788F78B00D615D7 /* HP___ThesisUITestsLaunchTests.swift in Sources */,
				87E514B12788F78B00D615D7 /* HP___ThesisUITests.swift in Sources */,
			);
			runOnlyForDeploymentPostprocessing = 0;
		};
/* End PBXSourcesBuildPhase section */

/* Begin PBXTargetDependency section */
		87E514A42788F78B00D615D7 /* PBXTargetDependency */ = {
			isa = PBXTargetDependency;
			target = 87E5148B2788F78600D615D7 /* HP - Thesis */;
			targetProxy = 87E514A32788F78B00D615D7 /* PBXContainerItemProxy */;
		};
		87E514AE2788F78B00D615D7 /* PBXTargetDependency */ = {
			isa = PBXTargetDependency;
			target = 87E5148B2788F78600D615D7 /* HP - Thesis */;
			targetProxy = 87E514AD2788F78B00D615D7 /* PBXContainerItemProxy */;
		};
/* End PBXTargetDependency section */

/* Begin PBXVariantGroup section */
		87E5149A2788F78A00D615D7 /* LaunchScreen.storyboard */ = {
			isa = PBXVariantGroup;
			children = (
				87E5149B2788F78A00D615D7 /* Base */,
			);
			name = LaunchScreen.storyboard;
			sourceTree = "<group>";
		};
/* End PBXVariantGroup section */

/* Begin XCBuildConfiguration section */
		87E514B42788F78B00D615D7 /* Debug */ = {
			isa = XCBuildConfiguration;
			buildSettings = {
				ALWAYS_SEARCH_USER_PATHS = NO;
				CLANG_ANALYZER_NONNULL = YES;
				CLANG_ANALYZER_NUMBER_OBJECT_CONVERSION = YES_AGGRESSIVE;
				CLANG_CXX_LANGUAGE_STANDARD = "gnu++17";
				CLANG_CXX_LIBRARY = "libc++";
				CLANG_ENABLE_MODULES = YES;
				CLANG_ENABLE_OBJC_ARC = YES;
				CLANG_ENABLE_OBJC_WEAK = YES;
				CLANG_WARN_BLOCK_CAPTURE_AUTORELEASING = YES;
				CLANG_WARN_BOOL_CONVERSION = YES;
				CLANG_WARN_COMMA = YES;
				CLANG_WARN_CONSTANT_CONVERSION = YES;
				CLANG_WARN_DEPRECATED_OBJC_IMPLEMENTATIONS = YES;
				CLANG_WARN_DIRECT_OBJC_ISA_USAGE = YES_ERROR;
				CLANG_WARN_DOCUMENTATION_COMMENTS = YES;
				CLANG_WARN_EMPTY_BODY = YES;
				CLANG_WARN_ENUM_CONVERSION = YES;
				CLANG_WARN_INFINITE_RECURSION = YES;
				CLANG_WARN_INT_CONVERSION = YES;
				CLANG_WARN_NON_LITERAL_NULL_CONVERSION = YES;
				CLANG_WARN_OBJC_IMPLICIT_RETAIN_SELF = YES;
				CLANG_WARN_OBJC_LITERAL_CONVERSION = YES;
				CLANG_WARN_OBJC_ROOT_CLASS = YES_ERROR;
				CLANG_WARN_QUOTED_INCLUDE_IN_FRAMEWORK_HEADER = YES;
				CLANG_WARN_RANGE_LOOP_ANALYSIS = YES;
				CLANG_WARN_STRICT_PROTOTYPES = YES;
				CLANG_WARN_SUSPICIOUS_MOVE = YES;
				CLANG_WARN_UNGUARDED_AVAILABILITY = YES_AGGRESSIVE;
				CLANG_WARN_UNREACHABLE_CODE = YES;
				CLANG_WARN__DUPLICATE_METHOD_MATCH = YES;
				COPY_PHASE_STRIP = NO;
				DEBUG_INFORMATION_FORMAT = dwarf;
				ENABLE_STRICT_OBJC_MSGSEND = YES;
				ENABLE_TESTABILITY = YES;
				GCC_C_LANGUAGE_STANDARD = gnu11;
				GCC_DYNAMIC_NO_PIC = NO;
				GCC_NO_COMMON_BLOCKS = YES;
				GCC_OPTIMIZATION_LEVEL = 0;
				GCC_PREPROCESSOR_DEFINITIONS = (
					"DEBUG=1",
					"$(inherited)",
				);
				GCC_WARN_64_TO_32_BIT_CONVERSION = YES;
				GCC_WARN_ABOUT_RETURN_TYPE = YES_ERROR;
				GCC_WARN_UNDECLARED_SELECTOR = YES;
				GCC_WARN_UNINITIALIZED_AUTOS = YES_AGGRESSIVE;
				GCC_WARN_UNUSED_FUNCTION = YES;
				GCC_WARN_UNUSED_VARIABLE = YES;
				IPHONEOS_DEPLOYMENT_TARGET = 15.0;
				MTL_ENABLE_DEBUG_INFO = INCLUDE_SOURCE;
				MTL_FAST_MATH = YES;
				ONLY_ACTIVE_ARCH = YES;
				SDKROOT = iphoneos;
				SWIFT_ACTIVE_COMPILATION_CONDITIONS = DEBUG;
				SWIFT_OPTIMIZATION_LEVEL = "-Onone";
			};
			name = Debug;
		};
		87E514B52788F78B00D615D7 /* Release */ = {
			isa = XCBuildConfiguration;
			buildSettings = {
				ALWAYS_SEARCH_USER_PATHS = NO;
				CLANG_ANALYZER_NONNULL = YES;
				CLANG_ANALYZER_NUMBER_OBJECT_CONVERSION = YES_AGGRESSIVE;
				CLANG_CXX_LANGUAGE_STANDARD = "gnu++17";
				CLANG_CXX_LIBRARY = "libc++";
				CLANG_ENABLE_MODULES = YES;
				CLANG_ENABLE_OBJC_ARC = YES;
				CLANG_ENABLE_OBJC_WEAK = YES;
				CLANG_WARN_BLOCK_CAPTURE_AUTORELEASING = YES;
				CLANG_WARN_BOOL_CONVERSION = YES;
				CLANG_WARN_COMMA = YES;
				CLANG_WARN_CONSTANT_CONVERSION = YES;
				CLANG_WARN_DEPRECATED_OBJC_IMPLEMENTATIONS = YES;
				CLANG_WARN_DIRECT_OBJC_ISA_USAGE = YES_ERROR;
				CLANG_WARN_DOCUMENTATION_COMMENTS = YES;
				CLANG_WARN_EMPTY_BODY = YES;
				CLANG_WARN_ENUM_CONVERSION = YES;
				CLANG_WARN_INFINITE_RECURSION = YES;
				CLANG_WARN_INT_CONVERSION = YES;
				CLANG_WARN_NON_LITERAL_NULL_CONVERSION = YES;
				CLANG_WARN_OBJC_IMPLICIT_RETAIN_SELF = YES;
				CLANG_WARN_OBJC_LITERAL_CONVERSION = YES;
				CLANG_WARN_OBJC_ROOT_CLASS = YES_ERROR;
				CLANG_WARN_QUOTED_INCLUDE_IN_FRAMEWORK_HEADER = YES;
				CLANG_WARN_RANGE_LOOP_ANALYSIS = YES;
				CLANG_WARN_STRICT_PROTOTYPES = YES;
				CLANG_WARN_SUSPICIOUS_MOVE = YES;
				CLANG_WARN_UNGUARDED_AVAILABILITY = YES_AGGRESSIVE;
				CLANG_WARN_UNREACHABLE_CODE = YES;
				CLANG_WARN__DUPLICATE_METHOD_MATCH = YES;
				COPY_PHASE_STRIP = NO;
				DEBUG_INFORMATION_FORMAT = "dwarf-with-dsym";
				ENABLE_NS_ASSERTIONS = NO;
				ENABLE_STRICT_OBJC_MSGSEND = YES;
				GCC_C_LANGUAGE_STANDARD = gnu11;
				GCC_NO_COMMON_BLOCKS = YES;
				GCC_WARN_64_TO_32_BIT_CONVERSION = YES;
				GCC_WARN_ABOUT_RETURN_TYPE = YES_ERROR;
				GCC_WARN_UNDECLARED_SELECTOR = YES;
				GCC_WARN_UNINITIALIZED_AUTOS = YES_AGGRESSIVE;
				GCC_WARN_UNUSED_FUNCTION = YES;
				GCC_WARN_UNUSED_VARIABLE = YES;
				IPHONEOS_DEPLOYMENT_TARGET = 15.0;
				MTL_ENABLE_DEBUG_INFO = NO;
				MTL_FAST_MATH = YES;
				SDKROOT = iphoneos;
				SWIFT_COMPILATION_MODE = wholemodule;
				SWIFT_OPTIMIZATION_LEVEL = "-O";
				VALIDATE_PRODUCT = YES;
			};
			name = Release;
		};
		87E514B72788F78B00D615D7 /* Debug */ = {
			isa = XCBuildConfiguration;
			buildSettings = {
				ASSETCATALOG_COMPILER_APPICON_NAME = AppIcon;
				ASSETCATALOG_COMPILER_GLOBAL_ACCENT_COLOR_NAME = AccentColor;
				CODE_SIGN_STYLE = Automatic;
				CURRENT_PROJECT_VERSION = 1;
				DEVELOPMENT_TEAM = L3QZJU3LP7;
				GENERATE_INFOPLIST_FILE = YES;
				INFOPLIST_FILE = "HP - Thesis/SupportingFiles/Info.plist";
				INFOPLIST_KEY_UIApplicationSupportsIndirectInputEvents = YES;
				INFOPLIST_KEY_UILaunchStoryboardName = LaunchScreen;
				INFOPLIST_KEY_UIMainStoryboardFile = "";
				INFOPLIST_KEY_UISupportedInterfaceOrientations_iPad = "UIInterfaceOrientationPortrait UIInterfaceOrientationPortraitUpsideDown UIInterfaceOrientationLandscapeLeft UIInterfaceOrientationLandscapeRight";
				INFOPLIST_KEY_UISupportedInterfaceOrientations_iPhone = "UIInterfaceOrientationPortrait UIInterfaceOrientationLandscapeLeft UIInterfaceOrientationLandscapeRight";
				LD_RUNPATH_SEARCH_PATHS = (
					"$(inherited)",
					"@executable_path/Frameworks",
				);
				MARKETING_VERSION = 1.0;
				PRODUCT_BUNDLE_IDENTIFIER = "com.rumblewayne.HP---Thesis";
				PRODUCT_NAME = "$(TARGET_NAME)";
				SWIFT_EMIT_LOC_STRINGS = YES;
				SWIFT_VERSION = 5.0;
				TARGETED_DEVICE_FAMILY = "1,2";
			};
			name = Debug;
		};
		87E514B82788F78B00D615D7 /* Release */ = {
			isa = XCBuildConfiguration;
			buildSettings = {
				ASSETCATALOG_COMPILER_APPICON_NAME = AppIcon;
				ASSETCATALOG_COMPILER_GLOBAL_ACCENT_COLOR_NAME = AccentColor;
				CODE_SIGN_STYLE = Automatic;
				CURRENT_PROJECT_VERSION = 1;
				DEVELOPMENT_TEAM = L3QZJU3LP7;
				GENERATE_INFOPLIST_FILE = YES;
				INFOPLIST_FILE = "HP - Thesis/SupportingFiles/Info.plist";
				INFOPLIST_KEY_UIApplicationSupportsIndirectInputEvents = YES;
				INFOPLIST_KEY_UILaunchStoryboardName = LaunchScreen;
				INFOPLIST_KEY_UIMainStoryboardFile = "";
				INFOPLIST_KEY_UISupportedInterfaceOrientations_iPad = "UIInterfaceOrientationPortrait UIInterfaceOrientationPortraitUpsideDown UIInterfaceOrientationLandscapeLeft UIInterfaceOrientationLandscapeRight";
				INFOPLIST_KEY_UISupportedInterfaceOrientations_iPhone = "UIInterfaceOrientationPortrait UIInterfaceOrientationLandscapeLeft UIInterfaceOrientationLandscapeRight";
				LD_RUNPATH_SEARCH_PATHS = (
					"$(inherited)",
					"@executable_path/Frameworks",
				);
				MARKETING_VERSION = 1.0;
				PRODUCT_BUNDLE_IDENTIFIER = "com.rumblewayne.HP---Thesis";
				PRODUCT_NAME = "$(TARGET_NAME)";
				SWIFT_EMIT_LOC_STRINGS = YES;
				SWIFT_VERSION = 5.0;
				TARGETED_DEVICE_FAMILY = "1,2";
			};
			name = Release;
		};
		87E514BA2788F78B00D615D7 /* Debug */ = {
			isa = XCBuildConfiguration;
			buildSettings = {
				ALWAYS_EMBED_SWIFT_STANDARD_LIBRARIES = YES;
				BUNDLE_LOADER = "$(TEST_HOST)";
				CODE_SIGN_STYLE = Automatic;
				CURRENT_PROJECT_VERSION = 1;
				DEVELOPMENT_TEAM = L3QZJU3LP7;
				GENERATE_INFOPLIST_FILE = YES;
				IPHONEOS_DEPLOYMENT_TARGET = 15.0;
				LD_RUNPATH_SEARCH_PATHS = (
					"$(inherited)",
					"@executable_path/Frameworks",
					"@loader_path/Frameworks",
				);
				MARKETING_VERSION = 1.0;
				PRODUCT_BUNDLE_IDENTIFIER = "com.rumblewayne.HP---ThesisTests";
				PRODUCT_NAME = "$(TARGET_NAME)";
				SWIFT_EMIT_LOC_STRINGS = NO;
				SWIFT_VERSION = 5.0;
				TARGETED_DEVICE_FAMILY = "1,2";
				TEST_HOST = "$(BUILT_PRODUCTS_DIR)/HP - Thesis.app/HP - Thesis";
			};
			name = Debug;
		};
		87E514BB2788F78B00D615D7 /* Release */ = {
			isa = XCBuildConfiguration;
			buildSettings = {
				ALWAYS_EMBED_SWIFT_STANDARD_LIBRARIES = YES;
				BUNDLE_LOADER = "$(TEST_HOST)";
				CODE_SIGN_STYLE = Automatic;
				CURRENT_PROJECT_VERSION = 1;
				DEVELOPMENT_TEAM = L3QZJU3LP7;
				GENERATE_INFOPLIST_FILE = YES;
				IPHONEOS_DEPLOYMENT_TARGET = 15.0;
				LD_RUNPATH_SEARCH_PATHS = (
					"$(inherited)",
					"@executable_path/Frameworks",
					"@loader_path/Frameworks",
				);
				MARKETING_VERSION = 1.0;
				PRODUCT_BUNDLE_IDENTIFIER = "com.rumblewayne.HP---ThesisTests";
				PRODUCT_NAME = "$(TARGET_NAME)";
				SWIFT_EMIT_LOC_STRINGS = NO;
				SWIFT_VERSION = 5.0;
				TARGETED_DEVICE_FAMILY = "1,2";
				TEST_HOST = "$(BUILT_PRODUCTS_DIR)/HP - Thesis.app/HP - Thesis";
			};
			name = Release;
		};
		87E514BD2788F78B00D615D7 /* Debug */ = {
			isa = XCBuildConfiguration;
			buildSettings = {
				ALWAYS_EMBED_SWIFT_STANDARD_LIBRARIES = YES;
				CODE_SIGN_STYLE = Automatic;
				CURRENT_PROJECT_VERSION = 1;
				DEVELOPMENT_TEAM = L3QZJU3LP7;
				GENERATE_INFOPLIST_FILE = YES;
				LD_RUNPATH_SEARCH_PATHS = (
					"$(inherited)",
					"@executable_path/Frameworks",
					"@loader_path/Frameworks",
				);
				MARKETING_VERSION = 1.0;
				PRODUCT_BUNDLE_IDENTIFIER = "com.rumblewayne.HP---ThesisUITests";
				PRODUCT_NAME = "$(TARGET_NAME)";
				SWIFT_EMIT_LOC_STRINGS = NO;
				SWIFT_VERSION = 5.0;
				TARGETED_DEVICE_FAMILY = "1,2";
				TEST_TARGET_NAME = "HP - Thesis";
			};
			name = Debug;
		};
		87E514BE2788F78B00D615D7 /* Release */ = {
			isa = XCBuildConfiguration;
			buildSettings = {
				ALWAYS_EMBED_SWIFT_STANDARD_LIBRARIES = YES;
				CODE_SIGN_STYLE = Automatic;
				CURRENT_PROJECT_VERSION = 1;
				DEVELOPMENT_TEAM = L3QZJU3LP7;
				GENERATE_INFOPLIST_FILE = YES;
				LD_RUNPATH_SEARCH_PATHS = (
					"$(inherited)",
					"@executable_path/Frameworks",
					"@loader_path/Frameworks",
				);
				MARKETING_VERSION = 1.0;
				PRODUCT_BUNDLE_IDENTIFIER = "com.rumblewayne.HP---ThesisUITests";
				PRODUCT_NAME = "$(TARGET_NAME)";
				SWIFT_EMIT_LOC_STRINGS = NO;
				SWIFT_VERSION = 5.0;
				TARGETED_DEVICE_FAMILY = "1,2";
				TEST_TARGET_NAME = "HP - Thesis";
			};
			name = Release;
		};
/* End XCBuildConfiguration section */

/* Begin XCConfigurationList section */
		87E514872788F78500D615D7 /* Build configuration list for PBXProject "HP - Thesis" */ = {
			isa = XCConfigurationList;
			buildConfigurations = (
				87E514B42788F78B00D615D7 /* Debug */,
				87E514B52788F78B00D615D7 /* Release */,
			);
			defaultConfigurationIsVisible = 0;
			defaultConfigurationName = Release;
		};
		87E514B62788F78B00D615D7 /* Build configuration list for PBXNativeTarget "HP - Thesis" */ = {
			isa = XCConfigurationList;
			buildConfigurations = (
				87E514B72788F78B00D615D7 /* Debug */,
				87E514B82788F78B00D615D7 /* Release */,
			);
			defaultConfigurationIsVisible = 0;
			defaultConfigurationName = Release;
		};
		87E514B92788F78B00D615D7 /* Build configuration list for PBXNativeTarget "HP - ThesisTests" */ = {
			isa = XCConfigurationList;
			buildConfigurations = (
				87E514BA2788F78B00D615D7 /* Debug */,
				87E514BB2788F78B00D615D7 /* Release */,
			);
			defaultConfigurationIsVisible = 0;
			defaultConfigurationName = Release;
		};
		87E514BC2788F78B00D615D7 /* Build configuration list for PBXNativeTarget "HP - ThesisUITests" */ = {
			isa = XCConfigurationList;
			buildConfigurations = (
				87E514BD2788F78B00D615D7 /* Debug */,
				87E514BE2788F78B00D615D7 /* Release */,
			);
			defaultConfigurationIsVisible = 0;
			defaultConfigurationName = Release;
		};
/* End XCConfigurationList section */
	};
	rootObject = 87E514842788F78500D615D7 /* Project object */;
}
